
Microsoft Visual Studio Solution File, Format Version 12.00
# Visual Studio 2015
Project("{FAE04EC0-301F-11D3-BF4B-00C04F79EFBC}") = "Project Lydia", "Project Lydia.csproj", "{7F1AADCB-55F7-9B07-3A48-8EA94796FFB8}"
EndProject
Project("{FAE04EC0-301F-11D3-BF4B-00C04F79EFBC}") = "Project Lydia.Editor", "Project Lydia.Editor.csproj", "{3B8B9BA6-158E-66EA-05FF-5964A4BC7EC1}"
EndProject
Global
	GlobalSection(SolutionConfigurationPlatforms) = preSolution
		Debug|Any CPU = Debug|Any CPU
		Release|Any CPU = Release|Any CPU
	EndGlobalSection
	GlobalSection(ProjectConfigurationPlatforms) = postSolution
		{7F1AADCB-55F7-9B07-3A48-8EA94796FFB8}.Debug|Any CPU.ActiveCfg = Debug|Any CPU
		{7F1AADCB-55F7-9B07-3A48-8EA94796FFB8}.Debug|Any CPU.Build.0 = Debug|Any CPU
		{7F1AADCB-55F7-9B07-3A48-8EA94796FFB8}.Release|Any CPU.ActiveCfg = Release|Any CPU
		{7F1AADCB-55F7-9B07-3A48-8EA94796FFB8}.Release|Any CPU.Build.0 = Release|Any CPU
		{3B8B9BA6-158E-66EA-05FF-5964A4BC7EC1}.Debug|Any CPU.ActiveCfg = Debug|Any CPU
		{3B8B9BA6-158E-66EA-05FF-5964A4BC7EC1}.Debug|Any CPU.Build.0 = Debug|Any CPU
		{3B8B9BA6-158E-66EA-05FF-5964A4BC7EC1}.Release|Any CPU.ActiveCfg = Release|Any CPU
		{3B8B9BA6-158E-66EA-05FF-5964A4BC7EC1}.Release|Any CPU.Build.0 = Release|Any CPU
	EndGlobalSection
	GlobalSection(SolutionProperties) = preSolution
		HideSolutionNode = FALSE
	EndGlobalSection
EndGlobal
